
Microsoft Visual Studio Solution File, Format Version 12.00
# Visual Studio Version 17
VisualStudioVersion = 17.0.31919.166
MinimumVisualStudioVersion = 10.0.40219.1
Project("{9A19103F-16F7-4668-BE54-9A1E7A4F7556}") = "Poushi.API", "Poushi.API.csproj", "{AE76A4F0-4EAC-4658-941A-10CB3698376F}"
EndProject
Global
	GlobalSection(SolutionConfigurationPlatforms) = preSolution
		Debug|Any CPU = Debug|Any CPU
		Release|Any CPU = Release|Any CPU
	EndGlobalSection
	GlobalSection(ProjectConfigurationPlatforms) = postSolution
		{AE76A4F0-4EAC-4658-941A-10CB3698376F}.Debug|Any CPU.ActiveCfg = Debug|Any CPU
		{AE76A4F0-4EAC-4658-941A-10CB3698376F}.Debug|Any CPU.Build.0 = Debug|Any CPU
		{AE76A4F0-4EAC-4658-941A-10CB3698376F}.Release|Any CPU.ActiveCfg = Release|Any CPU
		{AE76A4F0-4EAC-4658-941A-10CB3698376F}.Release|Any CPU.Build.0 = Release|Any CPU
	EndGlobalSection
	GlobalSection(SolutionProperties) = preSolution
		HideSolutionNode = FALSE
	EndGlobalSection
	GlobalSection(ExtensibilityGlobals) = postSolution
		SolutionGuid = {B7A302BB-A51A-4FE3-8846-B23AD55D3F33}
	EndGlobalSection
EndGlobal
